
Microsoft Visual Studio Solution File, Format Version 12.00
# Visual Studio 2017
Project("{FAE04EC0-301F-11D3-BF4B-00C04F79EFBC}") = "alpha", "alpha.csproj", "{294E5C4D-5214-4CB1-91AE-43F12F9BF9E7}"
EndProject
Project("{FAE04EC0-301F-11D3-BF4B-00C04F79EFBC}") = "alpha.tests", "..\alpha.tests\alpha.tests.csproj", "{640B76EC-DBFD-499C-8037-74E51F7F4307}"
EndProject
Project("{FAE04EC0-301F-11D3-BF4B-00C04F79EFBC}") = "alpha.e2e.tests", "..\alpha.e2e.tests\alpha.e2e.tests.csproj", "{955CA4F6-3693-4883-9E58-361864362DFD}"
EndProject
Global
	GlobalSection(SolutionConfigurationPlatforms) = preSolution
		Debug|Any CPU = Debug|Any CPU
		Release|Any CPU = Release|Any CPU
	EndGlobalSection
	GlobalSection(ProjectConfigurationPlatforms) = postSolution
		{294E5C4D-5214-4CB1-91AE-43F12F9BF9E7}.Debug|Any CPU.ActiveCfg = Debug|Any CPU
		{294E5C4D-5214-4CB1-91AE-43F12F9BF9E7}.Debug|Any CPU.Build.0 = Debug|Any CPU
		{294E5C4D-5214-4CB1-91AE-43F12F9BF9E7}.Release|Any CPU.ActiveCfg = Release|Any CPU
		{294E5C4D-5214-4CB1-91AE-43F12F9BF9E7}.Release|Any CPU.Build.0 = Release|Any CPU
		{640B76EC-DBFD-499C-8037-74E51F7F4307}.Debug|Any CPU.ActiveCfg = Debug|Any CPU
		{640B76EC-DBFD-499C-8037-74E51F7F4307}.Debug|Any CPU.Build.0 = Debug|Any CPU
		{640B76EC-DBFD-499C-8037-74E51F7F4307}.Release|Any CPU.ActiveCfg = Release|Any CPU
		{640B76EC-DBFD-499C-8037-74E51F7F4307}.Release|Any CPU.Build.0 = Release|Any CPU
		{955CA4F6-3693-4883-9E58-361864362DFD}.Debug|Any CPU.ActiveCfg = Debug|Any CPU
		{955CA4F6-3693-4883-9E58-361864362DFD}.Debug|Any CPU.Build.0 = Debug|Any CPU
		{955CA4F6-3693-4883-9E58-361864362DFD}.Release|Any CPU.ActiveCfg = Release|Any CPU
		{955CA4F6-3693-4883-9E58-361864362DFD}.Release|Any CPU.Build.0 = Release|Any CPU
	EndGlobalSection
EndGlobal
